// !$*UTF8*$!
{
	archiveVersion = 1;
	classes = {
	};
	objectVersion = 55;
	objects = {

/* Begin PBXBuildFile section */
		321A212829D63AED00F057B8 /* DummyVC.swift in Sources */ = {isa = PBXBuildFile; fileRef = 321A212729D63AED00F057B8 /* DummyVC.swift */; };
		3254892B29D8CDBE0050A99C /* UIViewController+Utils.swift in Sources */ = {isa = PBXBuildFile; fileRef = 3254892A29D8CDBE0050A99C /* UIViewController+Utils.swift */; };
		3254892D29D8D09D0050A99C /* MainViewController.swift in Sources */ = {isa = PBXBuildFile; fileRef = 3254892C29D8D09D0050A99C /* MainViewController.swift */; };
		32633DFE29D3762B007359AE /* AppDelegate.swift in Sources */ = {isa = PBXBuildFile; fileRef = 32633DFD29D3762B007359AE /* AppDelegate.swift */; };
		32633E0029D3762B007359AE /* SceneDelegate.swift in Sources */ = {isa = PBXBuildFile; fileRef = 32633DFF29D3762B007359AE /* SceneDelegate.swift */; };
		32633E0229D3762B007359AE /* LoginVC.swift in Sources */ = {isa = PBXBuildFile; fileRef = 32633E0129D3762B007359AE /* LoginVC.swift */; };
		32633E0729D37633007359AE /* Assets.xcassets in Resources */ = {isa = PBXBuildFile; fileRef = 32633E0629D37633007359AE /* Assets.xcassets */; };
		32633E0A29D37633007359AE /* LaunchScreen.storyboard in Resources */ = {isa = PBXBuildFile; fileRef = 32633E0829D37633007359AE /* LaunchScreen.storyboard */; };
		32633E1429D37B68007359AE /* LoginView.swift in Sources */ = {isa = PBXBuildFile; fileRef = 32633E1329D37B68007359AE /* LoginView.swift */; };
		32633E1729D4B7BA007359AE /* OnboardingContainerVC.swift in Sources */ = {isa = PBXBuildFile; fileRef = 32633E1629D4B7BA007359AE /* OnboardingContainerVC.swift */; };
		32633E1929D4BF22007359AE /* OnboardingViewController.swift in Sources */ = {isa = PBXBuildFile; fileRef = 32633E1829D4BF22007359AE /* OnboardingViewController.swift */; };
		32E0492529DAF32F00B01F5B /* TabbarController.swift in Sources */ = {isa = PBXBuildFile; fileRef = 32E0492429DAF32F00B01F5B /* TabbarController.swift */; };
		32E0492729DAF35100B01F5B /* NavBarController.swift in Sources */ = {isa = PBXBuildFile; fileRef = 32E0492629DAF35100B01F5B /* NavBarController.swift */; };
		32E0492B29DAF39500B01F5B /* Resources.swift in Sources */ = {isa = PBXBuildFile; fileRef = 32E0492A29DAF39500B01F5B /* Resources.swift */; };
		32E0492D29DAF3B500B01F5B /* UIColorExtension.swift in Sources */ = {isa = PBXBuildFile; fileRef = 32E0492C29DAF3B500B01F5B /* UIColorExtension.swift */; };
		32E0493029DAF40400B01F5B /* AccountSummaryViewController.swift in Sources */ = {isa = PBXBuildFile; fileRef = 32E0492F29DAF40400B01F5B /* AccountSummaryViewController.swift */; };
		32E0493229DAF41E00B01F5B /* MoveMoneyViewController.swift in Sources */ = {isa = PBXBuildFile; fileRef = 32E0493129DAF41E00B01F5B /* MoveMoneyViewController.swift */; };
		32E0493429DAF43300B01F5B /* MoreViewController.swift in Sources */ = {isa = PBXBuildFile; fileRef = 32E0493329DAF43300B01F5B /* MoreViewController.swift */; };
		32E0493629DAF9E200B01F5B /* BaseController.swift in Sources */ = {isa = PBXBuildFile; fileRef = 32E0493529DAF9E200B01F5B /* BaseController.swift */; };
		32FE62B829DB3A1D00F26BE9 /* SummaryHeaderView.swift in Sources */ = {isa = PBXBuildFile; fileRef = 32FE62B729DB3A1D00F26BE9 /* SummaryHeaderView.swift */; };
		32FE62BA29DB3A4B00F26BE9 /* SummaryHeaderView.xib in Resources */ = {isa = PBXBuildFile; fileRef = 32FE62B929DB3A4B00F26BE9 /* SummaryHeaderView.xib */; };
		36E0848829D6F92C0090AD02 /* LocalState.swift in Sources */ = {isa = PBXBuildFile; fileRef = 36E0848729D6F92C0090AD02 /* LocalState.swift */; };
/* End PBXBuildFile section */

/* Begin PBXFileReference section */
		321A212729D63AED00F057B8 /* DummyVC.swift */ = {isa = PBXFileReference; lastKnownFileType = sourcecode.swift; path = DummyVC.swift; sourceTree = "<group>"; };
		3254892A29D8CDBE0050A99C /* UIViewController+Utils.swift */ = {isa = PBXFileReference; lastKnownFileType = sourcecode.swift; path = "UIViewController+Utils.swift"; sourceTree = "<group>"; };
		3254892C29D8D09D0050A99C /* MainViewController.swift */ = {isa = PBXFileReference; lastKnownFileType = sourcecode.swift; path = MainViewController.swift; sourceTree = "<group>"; };
		32633DFA29D3762B007359AE /* Banksy.app */ = {isa = PBXFileReference; explicitFileType = wrapper.application; includeInIndex = 0; path = Banksy.app; sourceTree = BUILT_PRODUCTS_DIR; };
		32633DFD29D3762B007359AE /* AppDelegate.swift */ = {isa = PBXFileReference; lastKnownFileType = sourcecode.swift; path = AppDelegate.swift; sourceTree = "<group>"; };
		32633DFF29D3762B007359AE /* SceneDelegate.swift */ = {isa = PBXFileReference; lastKnownFileType = sourcecode.swift; path = SceneDelegate.swift; sourceTree = "<group>"; };
		32633E0129D3762B007359AE /* LoginVC.swift */ = {isa = PBXFileReference; lastKnownFileType = sourcecode.swift; path = LoginVC.swift; sourceTree = "<group>"; };
		32633E0629D37633007359AE /* Assets.xcassets */ = {isa = PBXFileReference; lastKnownFileType = folder.assetcatalog; path = Assets.xcassets; sourceTree = "<group>"; };
		32633E0929D37633007359AE /* Base */ = {isa = PBXFileReference; lastKnownFileType = file.storyboard; name = Base; path = Base.lproj/LaunchScreen.storyboard; sourceTree = "<group>"; };
		32633E0B29D37633007359AE /* Info.plist */ = {isa = PBXFileReference; lastKnownFileType = text.plist.xml; path = Info.plist; sourceTree = "<group>"; };
		32633E1329D37B68007359AE /* LoginView.swift */ = {isa = PBXFileReference; lastKnownFileType = sourcecode.swift; path = LoginView.swift; sourceTree = "<group>"; };
		32633E1629D4B7BA007359AE /* OnboardingContainerVC.swift */ = {isa = PBXFileReference; lastKnownFileType = sourcecode.swift; path = OnboardingContainerVC.swift; sourceTree = "<group>"; };
		32633E1829D4BF22007359AE /* OnboardingViewController.swift */ = {isa = PBXFileReference; lastKnownFileType = sourcecode.swift; path = OnboardingViewController.swift; sourceTree = "<group>"; };
		32E0492429DAF32F00B01F5B /* TabbarController.swift */ = {isa = PBXFileReference; lastKnownFileType = sourcecode.swift; path = TabbarController.swift; sourceTree = "<group>"; };
		32E0492629DAF35100B01F5B /* NavBarController.swift */ = {isa = PBXFileReference; lastKnownFileType = sourcecode.swift; path = NavBarController.swift; sourceTree = "<group>"; };
		32E0492A29DAF39500B01F5B /* Resources.swift */ = {isa = PBXFileReference; lastKnownFileType = sourcecode.swift; path = Resources.swift; sourceTree = "<group>"; };
		32E0492C29DAF3B500B01F5B /* UIColorExtension.swift */ = {isa = PBXFileReference; lastKnownFileType = sourcecode.swift; path = UIColorExtension.swift; sourceTree = "<group>"; };
		32E0492F29DAF40400B01F5B /* AccountSummaryViewController.swift */ = {isa = PBXFileReference; lastKnownFileType = sourcecode.swift; path = AccountSummaryViewController.swift; sourceTree = "<group>"; };
		32E0493129DAF41E00B01F5B /* MoveMoneyViewController.swift */ = {isa = PBXFileReference; lastKnownFileType = sourcecode.swift; path = MoveMoneyViewController.swift; sourceTree = "<group>"; };
		32E0493329DAF43300B01F5B /* MoreViewController.swift */ = {isa = PBXFileReference; lastKnownFileType = sourcecode.swift; path = MoreViewController.swift; sourceTree = "<group>"; };
		32E0493529DAF9E200B01F5B /* BaseController.swift */ = {isa = PBXFileReference; fileEncoding = 4; lastKnownFileType = sourcecode.swift; name = BaseController.swift; path = ../../../.Trash/BaseController.swift; sourceTree = "<group>"; };
		32FE62B729DB3A1D00F26BE9 /* SummaryHeaderView.swift */ = {isa = PBXFileReference; lastKnownFileType = sourcecode.swift; path = SummaryHeaderView.swift; sourceTree = "<group>"; };
		32FE62B929DB3A4B00F26BE9 /* SummaryHeaderView.xib */ = {isa = PBXFileReference; lastKnownFileType = file.xib; path = SummaryHeaderView.xib; sourceTree = "<group>"; };
		36E0848729D6F92C0090AD02 /* LocalState.swift */ = {isa = PBXFileReference; lastKnownFileType = sourcecode.swift; path = LocalState.swift; sourceTree = "<group>"; };
/* End PBXFileReference section */

/* Begin PBXFrameworksBuildPhase section */
		32633DF729D3762B007359AE /* Frameworks */ = {
			isa = PBXFrameworksBuildPhase;
			buildActionMask = 2147483647;
			files = (
			);
			runOnlyForDeploymentPostprocessing = 0;
		};
/* End PBXFrameworksBuildPhase section */

/* Begin PBXGroup section */
		32633DF129D3762B007359AE = {
			isa = PBXGroup;
			children = (
				32633DFC29D3762B007359AE /* Banksy */,
				32633DFB29D3762B007359AE /* Products */,
			);
			sourceTree = "<group>";
		};
		32633DFB29D3762B007359AE /* Products */ = {
			isa = PBXGroup;
			children = (
				32633DFA29D3762B007359AE /* Banksy.app */,
			);
			name = Products;
			sourceTree = "<group>";
		};
		32633DFC29D3762B007359AE /* Banksy */ = {
			isa = PBXGroup;
			children = (
				32E0492E29DAF3F200B01F5B /* Controllers */,
				36E0848629D6F9170090AD02 /* Utils */,
				32633E1529D4B780007359AE /* Onboarding */,
				32633E1229D37B32007359AE /* Login */,
				32633DFD29D3762B007359AE /* AppDelegate.swift */,
				32633DFF29D3762B007359AE /* SceneDelegate.swift */,
				32633E1129D37A8F007359AE /* Files */,
				3254892C29D8D09D0050A99C /* MainViewController.swift */,
				32E0492429DAF32F00B01F5B /* TabbarController.swift */,
				32E0492629DAF35100B01F5B /* NavBarController.swift */,
				32E0493529DAF9E200B01F5B /* BaseController.swift */,
			);
			path = Banksy;
			sourceTree = "<group>";
		};
		32633E1129D37A8F007359AE /* Files */ = {
			isa = PBXGroup;
			children = (
				32633E0629D37633007359AE /* Assets.xcassets */,
				32633E0829D37633007359AE /* LaunchScreen.storyboard */,
				32633E0B29D37633007359AE /* Info.plist */,
			);
			name = Files;
			sourceTree = "<group>";
		};
		32633E1229D37B32007359AE /* Login */ = {
			isa = PBXGroup;
			children = (
				32633E0129D3762B007359AE /* LoginVC.swift */,
				32633E1329D37B68007359AE /* LoginView.swift */,
				321A212729D63AED00F057B8 /* DummyVC.swift */,
			);
			path = Login;
			sourceTree = "<group>";
		};
		32633E1529D4B780007359AE /* Onboarding */ = {
			isa = PBXGroup;
			children = (
				32633E1629D4B7BA007359AE /* OnboardingContainerVC.swift */,
				32633E1829D4BF22007359AE /* OnboardingViewController.swift */,
			);
			path = Onboarding;
			sourceTree = "<group>";
		};
		32E0492E29DAF3F200B01F5B /* Controllers */ = {
			isa = PBXGroup;
			children = (
				32FE62B029DB17DA00F26BE9 /* AccountSummaryViewController */,
				32E0493129DAF41E00B01F5B /* MoveMoneyViewController.swift */,
				32E0493329DAF43300B01F5B /* MoreViewController.swift */,
			);
			path = Controllers;
			sourceTree = "<group>";
		};
		32FE62B029DB17DA00F26BE9 /* AccountSummaryViewController */ = {
			isa = PBXGroup;
			children = (
				32E0492F29DAF40400B01F5B /* AccountSummaryViewController.swift */,
				32FE62B729DB3A1D00F26BE9 /* SummaryHeaderView.swift */,
				32FE62B929DB3A4B00F26BE9 /* SummaryHeaderView.xib */,
			);
			path = AccountSummaryViewController;
			sourceTree = "<group>";
		};
		36E0848629D6F9170090AD02 /* Utils */ = {
			isa = PBXGroup;
			children = (
				32E0492C29DAF3B500B01F5B /* UIColorExtension.swift */,
				32E0492A29DAF39500B01F5B /* Resources.swift */,
				36E0848729D6F92C0090AD02 /* LocalState.swift */,
				3254892A29D8CDBE0050A99C /* UIViewController+Utils.swift */,
			);
			path = Utils;
			sourceTree = "<group>";
		};
/* End PBXGroup section */

/* Begin PBXNativeTarget section */
		32633DF929D3762B007359AE /* Banksy */ = {
			isa = PBXNativeTarget;
			buildConfigurationList = 32633E0E29D37633007359AE /* Build configuration list for PBXNativeTarget "Banksy" */;
			buildPhases = (
				32633DF629D3762B007359AE /* Sources */,
				32633DF729D3762B007359AE /* Frameworks */,
				32633DF829D3762B007359AE /* Resources */,
			);
			buildRules = (
			);
			dependencies = (
			);
			name = Banksy;
			productName = Banksy;
			productReference = 32633DFA29D3762B007359AE /* Banksy.app */;
			productType = "com.apple.product-type.application";
		};
/* End PBXNativeTarget section */

/* Begin PBXProject section */
		32633DF229D3762B007359AE /* Project object */ = {
			isa = PBXProject;
			attributes = {
				BuildIndependentTargetsInParallel = 1;
				LastSwiftUpdateCheck = 1340;
				LastUpgradeCheck = 1340;
				TargetAttributes = {
					32633DF929D3762B007359AE = {
						CreatedOnToolsVersion = 13.4.1;
					};
				};
			};
			buildConfigurationList = 32633DF529D3762B007359AE /* Build configuration list for PBXProject "Banksy" */;
			compatibilityVersion = "Xcode 13.0";
			developmentRegion = en;
			hasScannedForEncodings = 0;
			knownRegions = (
				en,
				Base,
			);
			mainGroup = 32633DF129D3762B007359AE;
			productRefGroup = 32633DFB29D3762B007359AE /* Products */;
			projectDirPath = "";
			projectRoot = "";
			targets = (
				32633DF929D3762B007359AE /* Banksy */,
			);
		};
/* End PBXProject section */

/* Begin PBXResourcesBuildPhase section */
		32633DF829D3762B007359AE /* Resources */ = {
			isa = PBXResourcesBuildPhase;
			buildActionMask = 2147483647;
			files = (
				32633E0A29D37633007359AE /* LaunchScreen.storyboard in Resources */,
				32633E0729D37633007359AE /* Assets.xcassets in Resources */,
				32FE62BA29DB3A4B00F26BE9 /* SummaryHeaderView.xib in Resources */,
			);
			runOnlyForDeploymentPostprocessing = 0;
		};
/* End PBXResourcesBuildPhase section */

/* Begin PBXSourcesBuildPhase section */
		32633DF629D3762B007359AE /* Sources */ = {
			isa = PBXSourcesBuildPhase;
			buildActionMask = 2147483647;
			files = (
				32633E1729D4B7BA007359AE /* OnboardingContainerVC.swift in Sources */,
				32633E1929D4BF22007359AE /* OnboardingViewController.swift in Sources */,
				32E0492D29DAF3B500B01F5B /* UIColorExtension.swift in Sources */,
				32E0493029DAF40400B01F5B /* AccountSummaryViewController.swift in Sources */,
				3254892B29D8CDBE0050A99C /* UIViewController+Utils.swift in Sources */,
				321A212829D63AED00F057B8 /* DummyVC.swift in Sources */,
				32E0493229DAF41E00B01F5B /* MoveMoneyViewController.swift in Sources */,
				32633E0229D3762B007359AE /* LoginVC.swift in Sources */,
				32E0493429DAF43300B01F5B /* MoreViewController.swift in Sources */,
				32633DFE29D3762B007359AE /* AppDelegate.swift in Sources */,
				32E0493629DAF9E200B01F5B /* BaseController.swift in Sources */,
				32633E1429D37B68007359AE /* LoginView.swift in Sources */,
				32E0492729DAF35100B01F5B /* NavBarController.swift in Sources */,
				32E0492B29DAF39500B01F5B /* Resources.swift in Sources */,
				32E0492529DAF32F00B01F5B /* TabbarController.swift in Sources */,
				32633E0029D3762B007359AE /* SceneDelegate.swift in Sources */,
				36E0848829D6F92C0090AD02 /* LocalState.swift in Sources */,
				3254892D29D8D09D0050A99C /* MainViewController.swift in Sources */,
				32FE62B829DB3A1D00F26BE9 /* SummaryHeaderView.swift in Sources */,
			);
			runOnlyForDeploymentPostprocessing = 0;
		};
/* End PBXSourcesBuildPhase section */

/* Begin PBXVariantGroup section */
		32633E0829D37633007359AE /* LaunchScreen.storyboard */ = {
			isa = PBXVariantGroup;
			children = (
				32633E0929D37633007359AE /* Base */,
			);
			name = LaunchScreen.storyboard;
			sourceTree = "<group>";
		};
/* End PBXVariantGroup section */

/* Begin XCBuildConfiguration section */
		32633E0C29D37633007359AE /* Debug */ = {
			isa = XCBuildConfiguration;
			buildSettings = {
				ALWAYS_SEARCH_USER_PATHS = NO;
				CLANG_ANALYZER_NONNULL = YES;
				CLANG_ANALYZER_NUMBER_OBJECT_CONVERSION = YES_AGGRESSIVE;
				CLANG_CXX_LANGUAGE_STANDARD = "gnu++17";
				CLANG_ENABLE_MODULES = YES;
				CLANG_ENABLE_OBJC_ARC = YES;
				CLANG_ENABLE_OBJC_WEAK = YES;
				CLANG_WARN_BLOCK_CAPTURE_AUTORELEASING = YES;
				CLANG_WARN_BOOL_CONVERSION = YES;
				CLANG_WARN_COMMA = YES;
				CLANG_WARN_CONSTANT_CONVERSION = YES;
				CLANG_WARN_DEPRECATED_OBJC_IMPLEMENTATIONS = YES;
				CLANG_WARN_DIRECT_OBJC_ISA_USAGE = YES_ERROR;
				CLANG_WARN_DOCUMENTATION_COMMENTS = YES;
				CLANG_WARN_EMPTY_BODY = YES;
				CLANG_WARN_ENUM_CONVERSION = YES;
				CLANG_WARN_INFINITE_RECURSION = YES;
				CLANG_WARN_INT_CONVERSION = YES;
				CLANG_WARN_NON_LITERAL_NULL_CONVERSION = YES;
				CLANG_WARN_OBJC_IMPLICIT_RETAIN_SELF = YES;
				CLANG_WARN_OBJC_LITERAL_CONVERSION = YES;
				CLANG_WARN_OBJC_ROOT_CLASS = YES_ERROR;
				CLANG_WARN_QUOTED_INCLUDE_IN_FRAMEWORK_HEADER = YES;
				CLANG_WARN_RANGE_LOOP_ANALYSIS = YES;
				CLANG_WARN_STRICT_PROTOTYPES = YES;
				CLANG_WARN_SUSPICIOUS_MOVE = YES;
				CLANG_WARN_UNGUARDED_AVAILABILITY = YES_AGGRESSIVE;
				CLANG_WARN_UNREACHABLE_CODE = YES;
				CLANG_WARN__DUPLICATE_METHOD_MATCH = YES;
				COPY_PHASE_STRIP = NO;
				DEBUG_INFORMATION_FORMAT = dwarf;
				ENABLE_STRICT_OBJC_MSGSEND = YES;
				ENABLE_TESTABILITY = YES;
				GCC_C_LANGUAGE_STANDARD = gnu11;
				GCC_DYNAMIC_NO_PIC = NO;
				GCC_NO_COMMON_BLOCKS = YES;
				GCC_OPTIMIZATION_LEVEL = 0;
				GCC_PREPROCESSOR_DEFINITIONS = (
					"DEBUG=1",
					"$(inherited)",
				);
				GCC_WARN_64_TO_32_BIT_CONVERSION = YES;
				GCC_WARN_ABOUT_RETURN_TYPE = YES_ERROR;
				GCC_WARN_UNDECLARED_SELECTOR = YES;
				GCC_WARN_UNINITIALIZED_AUTOS = YES_AGGRESSIVE;
				GCC_WARN_UNUSED_FUNCTION = YES;
				GCC_WARN_UNUSED_VARIABLE = YES;
				IPHONEOS_DEPLOYMENT_TARGET = 15.5;
				MTL_ENABLE_DEBUG_INFO = INCLUDE_SOURCE;
				MTL_FAST_MATH = YES;
				ONLY_ACTIVE_ARCH = YES;
				SDKROOT = iphoneos;
				SWIFT_ACTIVE_COMPILATION_CONDITIONS = DEBUG;
				SWIFT_OPTIMIZATION_LEVEL = "-Onone";
			};
			name = Debug;
		};
		32633E0D29D37633007359AE /* Release */ = {
			isa = XCBuildConfiguration;
			buildSettings = {
				ALWAYS_SEARCH_USER_PATHS = NO;
				CLANG_ANALYZER_NONNULL = YES;
				CLANG_ANALYZER_NUMBER_OBJECT_CONVERSION = YES_AGGRESSIVE;
				CLANG_CXX_LANGUAGE_STANDARD = "gnu++17";
				CLANG_ENABLE_MODULES = YES;
				CLANG_ENABLE_OBJC_ARC = YES;
				CLANG_ENABLE_OBJC_WEAK = YES;
				CLANG_WARN_BLOCK_CAPTURE_AUTORELEASING = YES;
				CLANG_WARN_BOOL_CONVERSION = YES;
				CLANG_WARN_COMMA = YES;
				CLANG_WARN_CONSTANT_CONVERSION = YES;
				CLANG_WARN_DEPRECATED_OBJC_IMPLEMENTATIONS = YES;
				CLANG_WARN_DIRECT_OBJC_ISA_USAGE = YES_ERROR;
				CLANG_WARN_DOCUMENTATION_COMMENTS = YES;
				CLANG_WARN_EMPTY_BODY = YES;
				CLANG_WARN_ENUM_CONVERSION = YES;
				CLANG_WARN_INFINITE_RECURSION = YES;
				CLANG_WARN_INT_CONVERSION = YES;
				CLANG_WARN_NON_LITERAL_NULL_CONVERSION = YES;
				CLANG_WARN_OBJC_IMPLICIT_RETAIN_SELF = YES;
				CLANG_WARN_OBJC_LITERAL_CONVERSION = YES;
				CLANG_WARN_OBJC_ROOT_CLASS = YES_ERROR;
				CLANG_WARN_QUOTED_INCLUDE_IN_FRAMEWORK_HEADER = YES;
				CLANG_WARN_RANGE_LOOP_ANALYSIS = YES;
				CLANG_WARN_STRICT_PROTOTYPES = YES;
				CLANG_WARN_SUSPICIOUS_MOVE = YES;
				CLANG_WARN_UNGUARDED_AVAILABILITY = YES_AGGRESSIVE;
				CLANG_WARN_UNREACHABLE_CODE = YES;
				CLANG_WARN__DUPLICATE_METHOD_MATCH = YES;
				COPY_PHASE_STRIP = NO;
				DEBUG_INFORMATION_FORMAT = "dwarf-with-dsym";
				ENABLE_NS_ASSERTIONS = NO;
				ENABLE_STRICT_OBJC_MSGSEND = YES;
				GCC_C_LANGUAGE_STANDARD = gnu11;
				GCC_NO_COMMON_BLOCKS = YES;
				GCC_WARN_64_TO_32_BIT_CONVERSION = YES;
				GCC_WARN_ABOUT_RETURN_TYPE = YES_ERROR;
				GCC_WARN_UNDECLARED_SELECTOR = YES;
				GCC_WARN_UNINITIALIZED_AUTOS = YES_AGGRESSIVE;
				GCC_WARN_UNUSED_FUNCTION = YES;
				GCC_WARN_UNUSED_VARIABLE = YES;
				IPHONEOS_DEPLOYMENT_TARGET = 15.5;
				MTL_ENABLE_DEBUG_INFO = NO;
				MTL_FAST_MATH = YES;
				SDKROOT = iphoneos;
				SWIFT_COMPILATION_MODE = wholemodule;
				SWIFT_OPTIMIZATION_LEVEL = "-O";
				VALIDATE_PRODUCT = YES;
			};
			name = Release;
		};
		32633E0F29D37633007359AE /* Debug */ = {
			isa = XCBuildConfiguration;
			buildSettings = {
				ASSETCATALOG_COMPILER_APPICON_NAME = AppIcon;
				ASSETCATALOG_COMPILER_GLOBAL_ACCENT_COLOR_NAME = AccentColor;
				CODE_SIGN_STYLE = Automatic;
				CURRENT_PROJECT_VERSION = 1;
				DEVELOPMENT_TEAM = G2SQ4V58LL;
				GENERATE_INFOPLIST_FILE = YES;
				INFOPLIST_FILE = Banksy/Info.plist;
				INFOPLIST_KEY_UIApplicationSupportsIndirectInputEvents = YES;
				INFOPLIST_KEY_UILaunchStoryboardName = LaunchScreen;
				INFOPLIST_KEY_UISupportedInterfaceOrientations_iPad = "UIInterfaceOrientationPortrait UIInterfaceOrientationPortraitUpsideDown UIInterfaceOrientationLandscapeLeft UIInterfaceOrientationLandscapeRight";
				INFOPLIST_KEY_UISupportedInterfaceOrientations_iPhone = "UIInterfaceOrientationPortrait UIInterfaceOrientationLandscapeLeft UIInterfaceOrientationLandscapeRight";
				LD_RUNPATH_SEARCH_PATHS = (
					"$(inherited)",
					"@executable_path/Frameworks",
				);
				MARKETING_VERSION = 1.0;
				PRODUCT_BUNDLE_IDENTIFIER = notHome.Banksy;
				PRODUCT_NAME = "$(TARGET_NAME)";
				SWIFT_EMIT_LOC_STRINGS = YES;
				SWIFT_VERSION = 5.0;
				TARGETED_DEVICE_FAMILY = 1;
			};
			name = Debug;
		};
		32633E1029D37633007359AE /* Release */ = {
			isa = XCBuildConfiguration;
			buildSettings = {
				ASSETCATALOG_COMPILER_APPICON_NAME = AppIcon;
				ASSETCATALOG_COMPILER_GLOBAL_ACCENT_COLOR_NAME = AccentColor;
				CODE_SIGN_STYLE = Automatic;
				CURRENT_PROJECT_VERSION = 1;
				DEVELOPMENT_TEAM = G2SQ4V58LL;
				GENERATE_INFOPLIST_FILE = YES;
				INFOPLIST_FILE = Banksy/Info.plist;
				INFOPLIST_KEY_UIApplicationSupportsIndirectInputEvents = YES;
				INFOPLIST_KEY_UILaunchStoryboardName = LaunchScreen;
				INFOPLIST_KEY_UISupportedInterfaceOrientations_iPad = "UIInterfaceOrientationPortrait UIInterfaceOrientationPortraitUpsideDown UIInterfaceOrientationLandscapeLeft UIInterfaceOrientationLandscapeRight";
				INFOPLIST_KEY_UISupportedInterfaceOrientations_iPhone = "UIInterfaceOrientationPortrait UIInterfaceOrientationLandscapeLeft UIInterfaceOrientationLandscapeRight";
				LD_RUNPATH_SEARCH_PATHS = (
					"$(inherited)",
					"@executable_path/Frameworks",
				);
				MARKETING_VERSION = 1.0;
				PRODUCT_BUNDLE_IDENTIFIER = notHome.Banksy;
				PRODUCT_NAME = "$(TARGET_NAME)";
				SWIFT_EMIT_LOC_STRINGS = YES;
				SWIFT_VERSION = 5.0;
				TARGETED_DEVICE_FAMILY = 1;
			};
			name = Release;
		};
/* End XCBuildConfiguration section */

/* Begin XCConfigurationList section */
		32633DF529D3762B007359AE /* Build configuration list for PBXProject "Banksy" */ = {
			isa = XCConfigurationList;
			buildConfigurations = (
				32633E0C29D37633007359AE /* Debug */,
				32633E0D29D37633007359AE /* Release */,
			);
			defaultConfigurationIsVisible = 0;
			defaultConfigurationName = Release;
		};
		32633E0E29D37633007359AE /* Build configuration list for PBXNativeTarget "Banksy" */ = {
			isa = XCConfigurationList;
			buildConfigurations = (
				32633E0F29D37633007359AE /* Debug */,
				32633E1029D37633007359AE /* Release */,
			);
			defaultConfigurationIsVisible = 0;
			defaultConfigurationName = Release;
		};
/* End XCConfigurationList section */
	};
	rootObject = 32633DF229D3762B007359AE /* Project object */;
}
